
Microsoft Visual Studio Solution File, Format Version 12.00
# Visual Studio Version 16
VisualStudioVersion = 16.0.31702.278
MinimumVisualStudioVersion = 10.0.40219.1
Project("{FAE04EC0-301F-11D3-BF4B-00C04F79EFBC}") = "CRUD", "CRUD\CRUD.csproj", "{C3A9A4B7-D62E-49DC-9169-42FBBAF9235A}"
EndProject
Global
	GlobalSection(SolutionConfigurationPlatforms) = preSolution
		Debug|Any CPU = Debug|Any CPU
		Release|Any CPU = Release|Any CPU
	EndGlobalSection
	GlobalSection(ProjectConfigurationPlatforms) = postSolution
		{C3A9A4B7-D62E-49DC-9169-42FBBAF9235A}.Debug|Any CPU.ActiveCfg = Debug|Any CPU
		{C3A9A4B7-D62E-49DC-9169-42FBBAF9235A}.Debug|Any CPU.Build.0 = Debug|Any CPU
		{C3A9A4B7-D62E-49DC-9169-42FBBAF9235A}.Release|Any CPU.ActiveCfg = Release|Any CPU
		{C3A9A4B7-D62E-49DC-9169-42FBBAF9235A}.Release|Any CPU.Build.0 = Release|Any CPU
	EndGlobalSection
	GlobalSection(SolutionProperties) = preSolution
		HideSolutionNode = FALSE
	EndGlobalSection
	GlobalSection(ExtensibilityGlobals) = postSolution
		SolutionGuid = {6F0BDEDB-6996-4B1A-9661-D0124446604D}
	EndGlobalSection
EndGlobal
